
Microsoft Visual Studio Solution File, Format Version 12.00
# Visual Studio 2012
Project("{FAE04EC0-301F-11D3-BF4B-00C04F79EFBC}") = "Webform_using_validation_js", "Webform_using_validation_js\Webform_using_validation_js.csproj", "{14E0C75B-B810-4E49-8071-62790E16AAFF}"
EndProject
Global
	GlobalSection(SolutionConfigurationPlatforms) = preSolution
		Debug|Any CPU = Debug|Any CPU
		Release|Any CPU = Release|Any CPU
	EndGlobalSection
	GlobalSection(ProjectConfigurationPlatforms) = postSolution
		{14E0C75B-B810-4E49-8071-62790E16AAFF}.Debug|Any CPU.ActiveCfg = Debug|Any CPU
		{14E0C75B-B810-4E49-8071-62790E16AAFF}.Debug|Any CPU.Build.0 = Debug|Any CPU
		{14E0C75B-B810-4E49-8071-62790E16AAFF}.Release|Any CPU.ActiveCfg = Release|Any CPU
		{14E0C75B-B810-4E49-8071-62790E16AAFF}.Release|Any CPU.Build.0 = Release|Any CPU
	EndGlobalSection
	GlobalSection(SolutionProperties) = preSolution
		HideSolutionNode = FALSE
	EndGlobalSection
EndGlobal
